// !$*UTF8*$!
{
	archiveVersion = 1;
	classes = {
	};
	objectVersion = 50;
	objects = {

/* Begin PBXBuildFile section */
		980975A66C58FA6084B40BBF /* Pods_Digipro.framework in Frameworks */ = {isa = PBXBuildFile; fileRef = A09B3117FC963A6EA92AB9BB /* Pods_Digipro.framework */; };
		A88979174E68D74B6734EDD3 /* Pods_DigiproTests.framework in Frameworks */ = {isa = PBXBuildFile; fileRef = 98F8D0CA0D15F40987E6A125 /* Pods_DigiproTests.framework */; };
		C6F6E3FE22BB05F1000AB358 /* AppDelegate.swift in Sources */ = {isa = PBXBuildFile; fileRef = C6F6E3FD22BB05F1000AB358 /* AppDelegate.swift */; };
		C6F6E40022BB05F1000AB358 /* ViewController.swift in Sources */ = {isa = PBXBuildFile; fileRef = C6F6E3FF22BB05F1000AB358 /* ViewController.swift */; };
		C6F6E40322BB05F1000AB358 /* Main.storyboard in Resources */ = {isa = PBXBuildFile; fileRef = C6F6E40122BB05F1000AB358 /* Main.storyboard */; };
		C6F6E40522BB05F2000AB358 /* Assets.xcassets in Resources */ = {isa = PBXBuildFile; fileRef = C6F6E40422BB05F2000AB358 /* Assets.xcassets */; };
		C6F6E40822BB05F2000AB358 /* LaunchScreen.storyboard in Resources */ = {isa = PBXBuildFile; fileRef = C6F6E40622BB05F2000AB358 /* LaunchScreen.storyboard */; };
		C6F6E41322BB05F2000AB358 /* DigiproTests.swift in Sources */ = {isa = PBXBuildFile; fileRef = C6F6E41222BB05F2000AB358 /* DigiproTests.swift */; };
		C6F6E41E22BB084D000AB358 /* RoundsButton.swift in Sources */ = {isa = PBXBuildFile; fileRef = C6F6E41D22BB084D000AB358 /* RoundsButton.swift */; };
		C6F6E42922BB0AE4000AB358 /* UtilsDigiPro.swift in Sources */ = {isa = PBXBuildFile; fileRef = C6F6E42822BB0AE4000AB358 /* UtilsDigiPro.swift */; };
		C6F6E42C22BB2C07000AB358 /* Persistance.swift in Sources */ = {isa = PBXBuildFile; fileRef = C6F6E42B22BB2C07000AB358 /* Persistance.swift */; };
/* End PBXBuildFile section */

/* Begin PBXContainerItemProxy section */
		C6F6E40F22BB05F2000AB358 /* PBXContainerItemProxy */ = {
			isa = PBXContainerItemProxy;
			containerPortal = C6F6E3F222BB05F1000AB358 /* Project object */;
			proxyType = 1;
			remoteGlobalIDString = C6F6E3F922BB05F1000AB358;
			remoteInfo = Digipro;
		};
/* End PBXContainerItemProxy section */

/* Begin PBXFileReference section */
		0F24D5C6DF13B9E95465873A /* Pods-Digipro.release.xcconfig */ = {isa = PBXFileReference; includeInIndex = 1; lastKnownFileType = text.xcconfig; name = "Pods-Digipro.release.xcconfig"; path = "Target Support Files/Pods-Digipro/Pods-Digipro.release.xcconfig"; sourceTree = "<group>"; };
		98F8D0CA0D15F40987E6A125 /* Pods_DigiproTests.framework */ = {isa = PBXFileReference; explicitFileType = wrapper.framework; includeInIndex = 0; path = Pods_DigiproTests.framework; sourceTree = BUILT_PRODUCTS_DIR; };
		A09B3117FC963A6EA92AB9BB /* Pods_Digipro.framework */ = {isa = PBXFileReference; explicitFileType = wrapper.framework; includeInIndex = 0; path = Pods_Digipro.framework; sourceTree = BUILT_PRODUCTS_DIR; };
		A68EE631CE8B5012B7F78B0E /* Pods-Digipro.debug.xcconfig */ = {isa = PBXFileReference; includeInIndex = 1; lastKnownFileType = text.xcconfig; name = "Pods-Digipro.debug.xcconfig"; path = "Target Support Files/Pods-Digipro/Pods-Digipro.debug.xcconfig"; sourceTree = "<group>"; };
		C6F6E3FA22BB05F1000AB358 /* Digipro.app */ = {isa = PBXFileReference; explicitFileType = wrapper.application; includeInIndex = 0; path = Digipro.app; sourceTree = BUILT_PRODUCTS_DIR; };
		C6F6E3FD22BB05F1000AB358 /* AppDelegate.swift */ = {isa = PBXFileReference; lastKnownFileType = sourcecode.swift; path = AppDelegate.swift; sourceTree = "<group>"; };
		C6F6E3FF22BB05F1000AB358 /* ViewController.swift */ = {isa = PBXFileReference; lastKnownFileType = sourcecode.swift; path = ViewController.swift; sourceTree = "<group>"; };
		C6F6E40222BB05F1000AB358 /* Base */ = {isa = PBXFileReference; lastKnownFileType = file.storyboard; name = Base; path = Base.lproj/Main.storyboard; sourceTree = "<group>"; };
		C6F6E40422BB05F2000AB358 /* Assets.xcassets */ = {isa = PBXFileReference; lastKnownFileType = folder.assetcatalog; path = Assets.xcassets; sourceTree = "<group>"; };
		C6F6E40722BB05F2000AB358 /* Base */ = {isa = PBXFileReference; lastKnownFileType = file.storyboard; name = Base; path = Base.lproj/LaunchScreen.storyboard; sourceTree = "<group>"; };
		C6F6E40922BB05F2000AB358 /* Info.plist */ = {isa = PBXFileReference; lastKnownFileType = text.plist.xml; path = Info.plist; sourceTree = "<group>"; };
		C6F6E40E22BB05F2000AB358 /* DigiproTests.xctest */ = {isa = PBXFileReference; explicitFileType = wrapper.cfbundle; includeInIndex = 0; path = DigiproTests.xctest; sourceTree = BUILT_PRODUCTS_DIR; };
		C6F6E41222BB05F2000AB358 /* DigiproTests.swift */ = {isa = PBXFileReference; lastKnownFileType = sourcecode.swift; path = DigiproTests.swift; sourceTree = "<group>"; };
		C6F6E41422BB05F2000AB358 /* Info.plist */ = {isa = PBXFileReference; lastKnownFileType = text.plist.xml; path = Info.plist; sourceTree = "<group>"; };
		C6F6E41D22BB084D000AB358 /* RoundsButton.swift */ = {isa = PBXFileReference; lastKnownFileType = sourcecode.swift; path = RoundsButton.swift; sourceTree = "<group>"; };
		C6F6E42822BB0AE4000AB358 /* UtilsDigiPro.swift */ = {isa = PBXFileReference; lastKnownFileType = sourcecode.swift; path = UtilsDigiPro.swift; sourceTree = "<group>"; };
		C6F6E42B22BB2C07000AB358 /* Persistance.swift */ = {isa = PBXFileReference; lastKnownFileType = sourcecode.swift; path = Persistance.swift; sourceTree = "<group>"; };
		F3312FCD43206F4BE6D887B2 /* Pods-DigiproTests.debug.xcconfig */ = {isa = PBXFileReference; includeInIndex = 1; lastKnownFileType = text.xcconfig; name = "Pods-DigiproTests.debug.xcconfig"; path = "Target Support Files/Pods-DigiproTests/Pods-DigiproTests.debug.xcconfig"; sourceTree = "<group>"; };
		FAF899A1628C8BC06FAF6E97 /* Pods-DigiproTests.release.xcconfig */ = {isa = PBXFileReference; includeInIndex = 1; lastKnownFileType = text.xcconfig; name = "Pods-DigiproTests.release.xcconfig"; path = "Target Support Files/Pods-DigiproTests/Pods-DigiproTests.release.xcconfig"; sourceTree = "<group>"; };
/* End PBXFileReference section */

/* Begin PBXFrameworksBuildPhase section */
		C6F6E3F722BB05F1000AB358 /* Frameworks */ = {
			isa = PBXFrameworksBuildPhase;
			buildActionMask = 2147483647;
			files = (
				980975A66C58FA6084B40BBF /* Pods_Digipro.framework in Frameworks */,
			);
			runOnlyForDeploymentPostprocessing = 0;
		};
		C6F6E40B22BB05F2000AB358 /* Frameworks */ = {
			isa = PBXFrameworksBuildPhase;
			buildActionMask = 2147483647;
			files = (
				A88979174E68D74B6734EDD3 /* Pods_DigiproTests.framework in Frameworks */,
			);
			runOnlyForDeploymentPostprocessing = 0;
		};
/* End PBXFrameworksBuildPhase section */

/* Begin PBXGroup section */
		ABE5A5DC44BC01DA52CB3A06 /* Pods */ = {
			isa = PBXGroup;
			children = (
				A68EE631CE8B5012B7F78B0E /* Pods-Digipro.debug.xcconfig */,
				0F24D5C6DF13B9E95465873A /* Pods-Digipro.release.xcconfig */,
				F3312FCD43206F4BE6D887B2 /* Pods-DigiproTests.debug.xcconfig */,
				FAF899A1628C8BC06FAF6E97 /* Pods-DigiproTests.release.xcconfig */,
			);
			path = Pods;
			sourceTree = "<group>";
		};
		C6F6E3F122BB05F1000AB358 = {
			isa = PBXGroup;
			children = (
				C6F6E3FC22BB05F1000AB358 /* Digipro */,
				C6F6E41122BB05F2000AB358 /* DigiproTests */,
				C6F6E3FB22BB05F1000AB358 /* Products */,
				ABE5A5DC44BC01DA52CB3A06 /* Pods */,
				F2C0E11A954263C019D46632 /* Frameworks */,
			);
			sourceTree = "<group>";
		};
		C6F6E3FB22BB05F1000AB358 /* Products */ = {
			isa = PBXGroup;
			children = (
				C6F6E3FA22BB05F1000AB358 /* Digipro.app */,
				C6F6E40E22BB05F2000AB358 /* DigiproTests.xctest */,
			);
			name = Products;
			sourceTree = "<group>";
		};
		C6F6E3FC22BB05F1000AB358 /* Digipro */ = {
			isa = PBXGroup;
			children = (
				C6F6E42722BB0ABB000AB358 /* Utils */,
				C6F6E42622BB0AAD000AB358 /* Presenter */,
				C6F6E42422BB0A8C000AB358 /* Controller */,
				C6F6E42022BB0A38000AB358 /* UI */,
				C6F6E3FD22BB05F1000AB358 /* AppDelegate.swift */,
				C6F6E40922BB05F2000AB358 /* Info.plist */,
			);
			path = Digipro;
			sourceTree = "<group>";
		};
		C6F6E41122BB05F2000AB358 /* DigiproTests */ = {
			isa = PBXGroup;
			children = (
				C6F6E41222BB05F2000AB358 /* DigiproTests.swift */,
				C6F6E41422BB05F2000AB358 /* Info.plist */,
			);
			path = DigiproTests;
			sourceTree = "<group>";
		};
		C6F6E41F22BB0A23000AB358 /* Components */ = {
			isa = PBXGroup;
			children = (
				C6F6E41D22BB084D000AB358 /* RoundsButton.swift */,
			);
			path = Components;
			sourceTree = "<group>";
		};
		C6F6E42022BB0A38000AB358 /* UI */ = {
			isa = PBXGroup;
			children = (
				C6F6E42322BB0A77000AB358 /* Assets */,
				C6F6E42222BB0A5A000AB358 /* LaunchScreen */,
				C6F6E42122BB0A45000AB358 /* Storyboard */,
				C6F6E41F22BB0A23000AB358 /* Components */,
			);
			path = UI;
			sourceTree = "<group>";
		};
		C6F6E42122BB0A45000AB358 /* Storyboard */ = {
			isa = PBXGroup;
			children = (
				C6F6E40122BB05F1000AB358 /* Main.storyboard */,
			);
			path = Storyboard;
			sourceTree = "<group>";
		};
		C6F6E42222BB0A5A000AB358 /* LaunchScreen */ = {
			isa = PBXGroup;
			children = (
				C6F6E40622BB05F2000AB358 /* LaunchScreen.storyboard */,
			);
			path = LaunchScreen;
			sourceTree = "<group>";
		};
		C6F6E42322BB0A77000AB358 /* Assets */ = {
			isa = PBXGroup;
			children = (
				C6F6E40422BB05F2000AB358 /* Assets.xcassets */,
			);
			path = Assets;
			sourceTree = "<group>";
		};
		C6F6E42422BB0A8C000AB358 /* Controller */ = {
			isa = PBXGroup;
			children = (
				C6F6E42522BB0A9A000AB358 /* Main */,
			);
			path = Controller;
			sourceTree = "<group>";
		};
		C6F6E42522BB0A9A000AB358 /* Main */ = {
			isa = PBXGroup;
			children = (
				C6F6E3FF22BB05F1000AB358 /* ViewController.swift */,
			);
			path = Main;
			sourceTree = "<group>";
		};
		C6F6E42622BB0AAD000AB358 /* Presenter */ = {
			isa = PBXGroup;
			children = (
				C6F6E42A22BB2BE9000AB358 /* Persistance */,
			);
			path = Presenter;
			sourceTree = "<group>";
		};
		C6F6E42722BB0ABB000AB358 /* Utils */ = {
			isa = PBXGroup;
			children = (
				C6F6E42822BB0AE4000AB358 /* UtilsDigiPro.swift */,
			);
			path = Utils;
			sourceTree = "<group>";
		};
		C6F6E42A22BB2BE9000AB358 /* Persistance */ = {
			isa = PBXGroup;
			children = (
				C6F6E42B22BB2C07000AB358 /* Persistance.swift */,
			);
			path = Persistance;
			sourceTree = "<group>";
		};
		F2C0E11A954263C019D46632 /* Frameworks */ = {
			isa = PBXGroup;
			children = (
				A09B3117FC963A6EA92AB9BB /* Pods_Digipro.framework */,
				98F8D0CA0D15F40987E6A125 /* Pods_DigiproTests.framework */,
			);
			name = Frameworks;
			sourceTree = "<group>";
		};
/* End PBXGroup section */

/* Begin PBXNativeTarget section */
		C6F6E3F922BB05F1000AB358 /* Digipro */ = {
			isa = PBXNativeTarget;
			buildConfigurationList = C6F6E41722BB05F2000AB358 /* Build configuration list for PBXNativeTarget "Digipro" */;
			buildPhases = (
				DD98A2D68DC9A9C8E57DB07D /* [CP] Check Pods Manifest.lock */,
				C6F6E3F622BB05F1000AB358 /* Sources */,
				C6F6E3F722BB05F1000AB358 /* Frameworks */,
				C6F6E3F822BB05F1000AB358 /* Resources */,
				86784E046CF3BA512FC6D1F8 /* [CP] Embed Pods Frameworks */,
			);
			buildRules = (
			);
			dependencies = (
			);
			name = Digipro;
			productName = Digipro;
			productReference = C6F6E3FA22BB05F1000AB358 /* Digipro.app */;
			productType = "com.apple.product-type.application";
		};
		C6F6E40D22BB05F2000AB358 /* DigiproTests */ = {
			isa = PBXNativeTarget;
			buildConfigurationList = C6F6E41A22BB05F2000AB358 /* Build configuration list for PBXNativeTarget "DigiproTests" */;
			buildPhases = (
				4B98F5CF01AB4BF2E8598498 /* [CP] Check Pods Manifest.lock */,
				C6F6E40A22BB05F2000AB358 /* Sources */,
				C6F6E40B22BB05F2000AB358 /* Frameworks */,
				C6F6E40C22BB05F2000AB358 /* Resources */,
			);
			buildRules = (
			);
			dependencies = (
				C6F6E41022BB05F2000AB358 /* PBXTargetDependency */,
			);
			name = DigiproTests;
			productName = DigiproTests;
			productReference = C6F6E40E22BB05F2000AB358 /* DigiproTests.xctest */;
			productType = "com.apple.product-type.bundle.unit-test";
		};
/* End PBXNativeTarget section */

/* Begin PBXProject section */
		C6F6E3F222BB05F1000AB358 /* Project object */ = {
			isa = PBXProject;
			attributes = {
				LastSwiftUpdateCheck = 1020;
				LastUpgradeCheck = 1020;
				ORGANIZATIONNAME = "Mauricio Rodriguez";
				TargetAttributes = {
					C6F6E3F922BB05F1000AB358 = {
						CreatedOnToolsVersion = 10.2.1;
					};
					C6F6E40D22BB05F2000AB358 = {
						CreatedOnToolsVersion = 10.2.1;
						TestTargetID = C6F6E3F922BB05F1000AB358;
					};
				};
			};
			buildConfigurationList = C6F6E3F522BB05F1000AB358 /* Build configuration list for PBXProject "Digipro" */;
			compatibilityVersion = "Xcode 9.3";
			developmentRegion = en;
			hasScannedForEncodings = 0;
			knownRegions = (
				en,
				Base,
			);
			mainGroup = C6F6E3F122BB05F1000AB358;
			productRefGroup = C6F6E3FB22BB05F1000AB358 /* Products */;
			projectDirPath = "";
			projectRoot = "";
			targets = (
				C6F6E3F922BB05F1000AB358 /* Digipro */,
				C6F6E40D22BB05F2000AB358 /* DigiproTests */,
			);
		};
/* End PBXProject section */

/* Begin PBXResourcesBuildPhase section */
		C6F6E3F822BB05F1000AB358 /* Resources */ = {
			isa = PBXResourcesBuildPhase;
			buildActionMask = 2147483647;
			files = (
				C6F6E40822BB05F2000AB358 /* LaunchScreen.storyboard in Resources */,
				C6F6E40522BB05F2000AB358 /* Assets.xcassets in Resources */,
				C6F6E40322BB05F1000AB358 /* Main.storyboard in Resources */,
			);
			runOnlyForDeploymentPostprocessing = 0;
		};
		C6F6E40C22BB05F2000AB358 /* Resources */ = {
			isa = PBXResourcesBuildPhase;
			buildActionMask = 2147483647;
			files = (
			);
			runOnlyForDeploymentPostprocessing = 0;
		};
/* End PBXResourcesBuildPhase section */

/* Begin PBXShellScriptBuildPhase section */
		4B98F5CF01AB4BF2E8598498 /* [CP] Check Pods Manifest.lock */ = {
			isa = PBXShellScriptBuildPhase;
			buildActionMask = 2147483647;
			files = (
			);
			inputFileListPaths = (
			);
			inputPaths = (
				"${PODS_PODFILE_DIR_PATH}/Podfile.lock",
				"${PODS_ROOT}/Manifest.lock",
			);
			name = "[CP] Check Pods Manifest.lock";
			outputFileListPaths = (
			);
			outputPaths = (
				"$(DERIVED_FILE_DIR)/Pods-DigiproTests-checkManifestLockResult.txt",
			);
			runOnlyForDeploymentPostprocessing = 0;
			shellPath = /bin/sh;
			shellScript = "diff \"${PODS_PODFILE_DIR_PATH}/Podfile.lock\" \"${PODS_ROOT}/Manifest.lock\" > /dev/null\nif [ $? != 0 ] ; then\n    # print error to STDERR\n    echo \"error: The sandbox is not in sync with the Podfile.lock. Run 'pod install' or update your CocoaPods installation.\" >&2\n    exit 1\nfi\n# This output is used by Xcode 'outputs' to avoid re-running this script phase.\necho \"SUCCESS\" > \"${SCRIPT_OUTPUT_FILE_0}\"\n";
			showEnvVarsInLog = 0;
		};
		86784E046CF3BA512FC6D1F8 /* [CP] Embed Pods Frameworks */ = {
			isa = PBXShellScriptBuildPhase;
			buildActionMask = 2147483647;
			files = (
			);
			inputFileListPaths = (
			);
			inputPaths = (
				"${PODS_ROOT}/Target Support Files/Pods-Digipro/Pods-Digipro-frameworks.sh",
				"${BUILT_PRODUCTS_DIR}/Realm/Realm.framework",
				"${BUILT_PRODUCTS_DIR}/RealmSwift/RealmSwift.framework",
			);
			name = "[CP] Embed Pods Frameworks";
			outputFileListPaths = (
			);
			outputPaths = (
				"${TARGET_BUILD_DIR}/${FRAMEWORKS_FOLDER_PATH}/Realm.framework",
				"${TARGET_BUILD_DIR}/${FRAMEWORKS_FOLDER_PATH}/RealmSwift.framework",
			);
			runOnlyForDeploymentPostprocessing = 0;
			shellPath = /bin/sh;
			shellScript = "\"${PODS_ROOT}/Target Support Files/Pods-Digipro/Pods-Digipro-frameworks.sh\"\n";
			showEnvVarsInLog = 0;
		};
		DD98A2D68DC9A9C8E57DB07D /* [CP] Check Pods Manifest.lock */ = {
			isa = PBXShellScriptBuildPhase;
			buildActionMask = 2147483647;
			files = (
			);
			inputFileListPaths = (
			);
			inputPaths = (
				"${PODS_PODFILE_DIR_PATH}/Podfile.lock",
				"${PODS_ROOT}/Manifest.lock",
			);
			name = "[CP] Check Pods Manifest.lock";
			outputFileListPaths = (
			);
			outputPaths = (
				"$(DERIVED_FILE_DIR)/Pods-Digipro-checkManifestLockResult.txt",
			);
			runOnlyForDeploymentPostprocessing = 0;
			shellPath = /bin/sh;
			shellScript = "diff \"${PODS_PODFILE_DIR_PATH}/Podfile.lock\" \"${PODS_ROOT}/Manifest.lock\" > /dev/null\nif [ $? != 0 ] ; then\n    # print error to STDERR\n    echo \"error: The sandbox is not in sync with the Podfile.lock. Run 'pod install' or update your CocoaPods installation.\" >&2\n    exit 1\nfi\n# This output is used by Xcode 'outputs' to avoid re-running this script phase.\necho \"SUCCESS\" > \"${SCRIPT_OUTPUT_FILE_0}\"\n";
			showEnvVarsInLog = 0;
		};
/* End PBXShellScriptBuildPhase section */

/* Begin PBXSourcesBuildPhase section */
		C6F6E3F622BB05F1000AB358 /* Sources */ = {
			isa = PBXSourcesBuildPhase;
			buildActionMask = 2147483647;
			files = (
				C6F6E42922BB0AE4000AB358 /* UtilsDigiPro.swift in Sources */,
				C6F6E40022BB05F1000AB358 /* ViewController.swift in Sources */,
				C6F6E41E22BB084D000AB358 /* RoundsButton.swift in Sources */,
				C6F6E42C22BB2C07000AB358 /* Persistance.swift in Sources */,
				C6F6E3FE22BB05F1000AB358 /* AppDelegate.swift in Sources */,
			);
			runOnlyForDeploymentPostprocessing = 0;
		};
		C6F6E40A22BB05F2000AB358 /* Sources */ = {
			isa = PBXSourcesBuildPhase;
			buildActionMask = 2147483647;
			files = (
				C6F6E41322BB05F2000AB358 /* DigiproTests.swift in Sources */,
			);
			runOnlyForDeploymentPostprocessing = 0;
		};
/* End PBXSourcesBuildPhase section */

/* Begin PBXTargetDependency section */
		C6F6E41022BB05F2000AB358 /* PBXTargetDependency */ = {
			isa = PBXTargetDependency;
			target = C6F6E3F922BB05F1000AB358 /* Digipro */;
			targetProxy = C6F6E40F22BB05F2000AB358 /* PBXContainerItemProxy */;
		};
/* End PBXTargetDependency section */

/* Begin PBXVariantGroup section */
		C6F6E40122BB05F1000AB358 /* Main.storyboard */ = {
			isa = PBXVariantGroup;
			children = (
				C6F6E40222BB05F1000AB358 /* Base */,
			);
			name = Main.storyboard;
			sourceTree = "<group>";
		};
		C6F6E40622BB05F2000AB358 /* LaunchScreen.storyboard */ = {
			isa = PBXVariantGroup;
			children = (
				C6F6E40722BB05F2000AB358 /* Base */,
			);
			name = LaunchScreen.storyboard;
			sourceTree = "<group>";
		};
/* End PBXVariantGroup section */

/* Begin XCBuildConfiguration section */
		C6F6E41522BB05F2000AB358 /* Debug */ = {
			isa = XCBuildConfiguration;
			buildSettings = {
				ALWAYS_SEARCH_USER_PATHS = NO;
				CLANG_ANALYZER_NONNULL = YES;
				CLANG_ANALYZER_NUMBER_OBJECT_CONVERSION = YES_AGGRESSIVE;
				CLANG_CXX_LANGUAGE_STANDARD = "gnu++14";
				CLANG_CXX_LIBRARY = "libc++";
				CLANG_ENABLE_MODULES = YES;
				CLANG_ENABLE_OBJC_ARC = YES;
				CLANG_ENABLE_OBJC_WEAK = YES;
				CLANG_WARN_BLOCK_CAPTURE_AUTORELEASING = YES;
				CLANG_WARN_BOOL_CONVERSION = YES;
				CLANG_WARN_COMMA = YES;
				CLANG_WARN_CONSTANT_CONVERSION = YES;
				CLANG_WARN_DEPRECATED_OBJC_IMPLEMENTATIONS = YES;
				CLANG_WARN_DIRECT_OBJC_ISA_USAGE = YES_ERROR;
				CLANG_WARN_DOCUMENTATION_COMMENTS = YES;
				CLANG_WARN_EMPTY_BODY = YES;
				CLANG_WARN_ENUM_CONVERSION = YES;
				CLANG_WARN_INFINITE_RECURSION = YES;
				CLANG_WARN_INT_CONVERSION = YES;
				CLANG_WARN_NON_LITERAL_NULL_CONVERSION = YES;
				CLANG_WARN_OBJC_IMPLICIT_RETAIN_SELF = YES;
				CLANG_WARN_OBJC_LITERAL_CONVERSION = YES;
				CLANG_WARN_OBJC_ROOT_CLASS = YES_ERROR;
				CLANG_WARN_RANGE_LOOP_ANALYSIS = YES;
				CLANG_WARN_STRICT_PROTOTYPES = YES;
				CLANG_WARN_SUSPICIOUS_MOVE = YES;
				CLANG_WARN_UNGUARDED_AVAILABILITY = YES_AGGRESSIVE;
				CLANG_WARN_UNREACHABLE_CODE = YES;
				CLANG_WARN__DUPLICATE_METHOD_MATCH = YES;
				CODE_SIGN_IDENTITY = "iPhone Developer";
				COPY_PHASE_STRIP = NO;
				DEBUG_INFORMATION_FORMAT = dwarf;
				ENABLE_STRICT_OBJC_MSGSEND = YES;
				ENABLE_TESTABILITY = YES;
				GCC_C_LANGUAGE_STANDARD = gnu11;
				GCC_DYNAMIC_NO_PIC = NO;
				GCC_NO_COMMON_BLOCKS = YES;
				GCC_OPTIMIZATION_LEVEL = 0;
				GCC_PREPROCESSOR_DEFINITIONS = (
					"DEBUG=1",
					"$(inherited)",
				);
				GCC_WARN_64_TO_32_BIT_CONVERSION = YES;
				GCC_WARN_ABOUT_RETURN_TYPE = YES_ERROR;
				GCC_WARN_UNDECLARED_SELECTOR = YES;
				GCC_WARN_UNINITIALIZED_AUTOS = YES_AGGRESSIVE;
				GCC_WARN_UNUSED_FUNCTION = YES;
				GCC_WARN_UNUSED_VARIABLE = YES;
				IPHONEOS_DEPLOYMENT_TARGET = 12.2;
				MTL_ENABLE_DEBUG_INFO = INCLUDE_SOURCE;
				MTL_FAST_MATH = YES;
				ONLY_ACTIVE_ARCH = YES;
				SDKROOT = iphoneos;
				SWIFT_ACTIVE_COMPILATION_CONDITIONS = DEBUG;
				SWIFT_OPTIMIZATION_LEVEL = "-Onone";
			};
			name = Debug;
		};
		C6F6E41622BB05F2000AB358 /* Release */ = {
			isa = XCBuildConfiguration;
			buildSettings = {
				ALWAYS_SEARCH_USER_PATHS = NO;
				CLANG_ANALYZER_NONNULL = YES;
				CLANG_ANALYZER_NUMBER_OBJECT_CONVERSION = YES_AGGRESSIVE;
				CLANG_CXX_LANGUAGE_STANDARD = "gnu++14";
				CLANG_CXX_LIBRARY = "libc++";
				CLANG_ENABLE_MODULES = YES;
				CLANG_ENABLE_OBJC_ARC = YES;
				CLANG_ENABLE_OBJC_WEAK = YES;
				CLANG_WARN_BLOCK_CAPTURE_AUTORELEASING = YES;
				CLANG_WARN_BOOL_CONVERSION = YES;
				CLANG_WARN_COMMA = YES;
				CLANG_WARN_CONSTANT_CONVERSION = YES;
				CLANG_WARN_DEPRECATED_OBJC_IMPLEMENTATIONS = YES;
				CLANG_WARN_DIRECT_OBJC_ISA_USAGE = YES_ERROR;
				CLANG_WARN_DOCUMENTATION_COMMENTS = YES;
				CLANG_WARN_EMPTY_BODY = YES;
				CLANG_WARN_ENUM_CONVERSION = YES;
				CLANG_WARN_INFINITE_RECURSION = YES;
				CLANG_WARN_INT_CONVERSION = YES;
				CLANG_WARN_NON_LITERAL_NULL_CONVERSION = YES;
				CLANG_WARN_OBJC_IMPLICIT_RETAIN_SELF = YES;
				CLANG_WARN_OBJC_LITERAL_CONVERSION = YES;
				CLANG_WARN_OBJC_ROOT_CLASS = YES_ERROR;
				CLANG_WARN_RANGE_LOOP_ANALYSIS = YES;
				CLANG_WARN_STRICT_PROTOTYPES = YES;
				CLANG_WARN_SUSPICIOUS_MOVE = YES;
				CLANG_WARN_UNGUARDED_AVAILABILITY = YES_AGGRESSIVE;
				CLANG_WARN_UNREACHABLE_CODE = YES;
				CLANG_WARN__DUPLICATE_METHOD_MATCH = YES;
				CODE_SIGN_IDENTITY = "iPhone Developer";
				COPY_PHASE_STRIP = NO;
				DEBUG_INFORMATION_FORMAT = "dwarf-with-dsym";
				ENABLE_NS_ASSERTIONS = NO;
				ENABLE_STRICT_OBJC_MSGSEND = YES;
				GCC_C_LANGUAGE_STANDARD = gnu11;
				GCC_NO_COMMON_BLOCKS = YES;
				GCC_WARN_64_TO_32_BIT_CONVERSION = YES;
				GCC_WARN_ABOUT_RETURN_TYPE = YES_ERROR;
				GCC_WARN_UNDECLARED_SELECTOR = YES;
				GCC_WARN_UNINITIALIZED_AUTOS = YES_AGGRESSIVE;
				GCC_WARN_UNUSED_FUNCTION = YES;
				GCC_WARN_UNUSED_VARIABLE = YES;
				IPHONEOS_DEPLOYMENT_TARGET = 12.2;
				MTL_ENABLE_DEBUG_INFO = NO;
				MTL_FAST_MATH = YES;
				SDKROOT = iphoneos;
				SWIFT_COMPILATION_MODE = wholemodule;
				SWIFT_OPTIMIZATION_LEVEL = "-O";
				VALIDATE_PRODUCT = YES;
			};
			name = Release;
		};
		C6F6E41822BB05F2000AB358 /* Debug */ = {
			isa = XCBuildConfiguration;
			baseConfigurationReference = A68EE631CE8B5012B7F78B0E /* Pods-Digipro.debug.xcconfig */;
			buildSettings = {
				ASSETCATALOG_COMPILER_APPICON_NAME = AppIcon;
				CODE_SIGN_STYLE = Automatic;
				DEVELOPMENT_TEAM = NNFUU3JHZ2;
				INFOPLIST_FILE = Digipro/Info.plist;
				IPHONEOS_DEPLOYMENT_TARGET = 12.0;
				LD_RUNPATH_SEARCH_PATHS = (
					"$(inherited)",
					"@executable_path/Frameworks",
				);
				PRODUCT_BUNDLE_IDENTIFIER = escom.Digipro;
				PRODUCT_NAME = "$(TARGET_NAME)";
				SWIFT_VERSION = 5.0;
				TARGETED_DEVICE_FAMILY = "1,2";
			};
			name = Debug;
		};
		C6F6E41922BB05F2000AB358 /* Release */ = {
			isa = XCBuildConfiguration;
			baseConfigurationReference = 0F24D5C6DF13B9E95465873A /* Pods-Digipro.release.xcconfig */;
			buildSettings = {
				ASSETCATALOG_COMPILER_APPICON_NAME = AppIcon;
				CODE_SIGN_STYLE = Automatic;
				DEVELOPMENT_TEAM = NNFUU3JHZ2;
				INFOPLIST_FILE = Digipro/Info.plist;
				IPHONEOS_DEPLOYMENT_TARGET = 12.0;
				LD_RUNPATH_SEARCH_PATHS = (
					"$(inherited)",
					"@executable_path/Frameworks",
				);
				PRODUCT_BUNDLE_IDENTIFIER = escom.Digipro;
				PRODUCT_NAME = "$(TARGET_NAME)";
				SWIFT_VERSION = 5.0;
				TARGETED_DEVICE_FAMILY = "1,2";
			};
			name = Release;
		};
		C6F6E41B22BB05F2000AB358 /* Debug */ = {
			isa = XCBuildConfiguration;
			baseConfigurationReference = F3312FCD43206F4BE6D887B2 /* Pods-DigiproTests.debug.xcconfig */;
			buildSettings = {
				ALWAYS_EMBED_SWIFT_STANDARD_LIBRARIES = YES;
				BUNDLE_LOADER = "$(TEST_HOST)";
				CODE_SIGN_STYLE = Automatic;
				DEVELOPMENT_TEAM = NNFUU3JHZ2;
				INFOPLIST_FILE = DigiproTests/Info.plist;
				LD_RUNPATH_SEARCH_PATHS = (
					"$(inherited)",
					"@executable_path/Frameworks",
					"@loader_path/Frameworks",
				);
				PRODUCT_BUNDLE_IDENTIFIER = escom.DigiproTests;
				PRODUCT_NAME = "$(TARGET_NAME)";
				SWIFT_VERSION = 5.0;
				TARGETED_DEVICE_FAMILY = "1,2";
				TEST_HOST = "$(BUILT_PRODUCTS_DIR)/Digipro.app/Digipro";
			};
			name = Debug;
		};
		C6F6E41C22BB05F2000AB358 /* Release */ = {
			isa = XCBuildConfiguration;
			baseConfigurationReference = FAF899A1628C8BC06FAF6E97 /* Pods-DigiproTests.release.xcconfig */;
			buildSettings = {
				ALWAYS_EMBED_SWIFT_STANDARD_LIBRARIES = YES;
				BUNDLE_LOADER = "$(TEST_HOST)";
				CODE_SIGN_STYLE = Automatic;
				DEVELOPMENT_TEAM = NNFUU3JHZ2;
				INFOPLIST_FILE = DigiproTests/Info.plist;
				LD_RUNPATH_SEARCH_PATHS = (
					"$(inherited)",
					"@executable_path/Frameworks",
					"@loader_path/Frameworks",
				);
				PRODUCT_BUNDLE_IDENTIFIER = escom.DigiproTests;
				PRODUCT_NAME = "$(TARGET_NAME)";
				SWIFT_VERSION = 5.0;
				TARGETED_DEVICE_FAMILY = "1,2";
				TEST_HOST = "$(BUILT_PRODUCTS_DIR)/Digipro.app/Digipro";
			};
			name = Release;
		};
/* End XCBuildConfiguration section */

/* Begin XCConfigurationList section */
		C6F6E3F522BB05F1000AB358 /* Build configuration list for PBXProject "Digipro" */ = {
			isa = XCConfigurationList;
			buildConfigurations = (
				C6F6E41522BB05F2000AB358 /* Debug */,
				C6F6E41622BB05F2000AB358 /* Release */,
			);
			defaultConfigurationIsVisible = 0;
			defaultConfigurationName = Release;
		};
		C6F6E41722BB05F2000AB358 /* Build configuration list for PBXNativeTarget "Digipro" */ = {
			isa = XCConfigurationList;
			buildConfigurations = (
				C6F6E41822BB05F2000AB358 /* Debug */,
				C6F6E41922BB05F2000AB358 /* Release */,
			);
			defaultConfigurationIsVisible = 0;
			defaultConfigurationName = Release;
		};
		C6F6E41A22BB05F2000AB358 /* Build configuration list for PBXNativeTarget "DigiproTests" */ = {
			isa = XCConfigurationList;
			buildConfigurations = (
				C6F6E41B22BB05F2000AB358 /* Debug */,
				C6F6E41C22BB05F2000AB358 /* Release */,
			);
			defaultConfigurationIsVisible = 0;
			defaultConfigurationName = Release;
		};
/* End XCConfigurationList section */
	};
	rootObject = C6F6E3F222BB05F1000AB358 /* Project object */;
}
